
Microsoft Visual Studio Solution File, Format Version 12.00
# Visual Studio Version 17
VisualStudioVersion = 17.8.34511.84
MinimumVisualStudioVersion = 10.0.40219.1
Project("{FAE04EC0-301F-11D3-BF4B-00C04F79EFBC}") = "CIT 195 Lesson 11 Guitar Collection", "CIT 195 Lesson 11 Guitar Collection.csproj", "{FB199ADF-DBE6-403B-B2B6-5E674CD6CBC8}"
EndProject
Global
	GlobalSection(SolutionConfigurationPlatforms) = preSolution
		Debug|Any CPU = Debug|Any CPU
		Release|Any CPU = Release|Any CPU
	EndGlobalSection
	GlobalSection(ProjectConfigurationPlatforms) = postSolution
		{FB199ADF-DBE6-403B-B2B6-5E674CD6CBC8}.Debug|Any CPU.ActiveCfg = Debug|Any CPU
		{FB199ADF-DBE6-403B-B2B6-5E674CD6CBC8}.Debug|Any CPU.Build.0 = Debug|Any CPU
		{FB199ADF-DBE6-403B-B2B6-5E674CD6CBC8}.Release|Any CPU.ActiveCfg = Release|Any CPU
		{FB199ADF-DBE6-403B-B2B6-5E674CD6CBC8}.Release|Any CPU.Build.0 = Release|Any CPU
	EndGlobalSection
	GlobalSection(SolutionProperties) = preSolution
		HideSolutionNode = FALSE
	EndGlobalSection
	GlobalSection(ExtensibilityGlobals) = postSolution
		SolutionGuid = {6015BAB4-4F3C-453C-8AEC-A9E9127B31C3}
	EndGlobalSection
EndGlobal
